
Microsoft Visual Studio Solution File, Format Version 12.00
# Visual Studio 15
Project("{FAE04EC0-301F-11D3-BF4B-00C04F79EFBC}") = "Unity.Timeline", "Unity.Timeline.csproj", "{CA78E96E-DB35-A7B7-D23D-B28250E1A2CB}"
EndProject
Project("{FAE04EC0-301F-11D3-BF4B-00C04F79EFBC}") = "Unity.Timeline.Editor", "Unity.Timeline.Editor.csproj", "{60C2D2A7-DFD5-6648-D040-269FB7C4757E}"
EndProject
Project("{FAE04EC0-301F-11D3-BF4B-00C04F79EFBC}") = "Unity.2D.Tilemap.Editor", "Unity.2D.Tilemap.Editor.csproj", "{788918DE-C3DD-54D6-7C64-748296FE7FFB}"
EndProject
Project("{FAE04EC0-301F-11D3-BF4B-00C04F79EFBC}") = "Unity.TextMeshPro.Editor", "Unity.TextMeshPro.Editor.csproj", "{F571D962-AF7E-086E-7E3F-038C7E68C9FC}"
EndProject
Project("{FAE04EC0-301F-11D3-BF4B-00C04F79EFBC}") = "Unity.XR.Management", "Unity.XR.Management.csproj", "{0BB48CC8-B8D7-6B5C-1D69-1F84BA6511EA}"
EndProject
Project("{FAE04EC0-301F-11D3-BF4B-00C04F79EFBC}") = "Assembly-CSharp", "Assembly-CSharp.csproj", "{A6BFF665-4031-3A8B-E0D8-DD641D521F86}"
EndProject
Project("{FAE04EC0-301F-11D3-BF4B-00C04F79EFBC}") = "Unity.Services.Core.Internal", "Unity.Services.Core.Internal.csproj", "{70E2B993-290D-3A5B-8E1B-4AEFF00F1CA8}"
EndProject
Project("{FAE04EC0-301F-11D3-BF4B-00C04F79EFBC}") = "Unity.XR.OpenVR.Editor", "Unity.XR.OpenVR.Editor.csproj", "{98065C0B-9A07-0E53-6771-E5EA7C04D782}"
EndProject
Project("{FAE04EC0-301F-11D3-BF4B-00C04F79EFBC}") = "UnityEditor.UI", "UnityEditor.UI.csproj", "{F61E3985-1FFB-08FB-3264-B8692F231CF7}"
EndProject
Project("{FAE04EC0-301F-11D3-BF4B-00C04F79EFBC}") = "Unity.PlasticSCM.Editor", "Unity.PlasticSCM.Editor.csproj", "{14866A95-366A-E22D-3502-E6FB63D3C8AF}"
EndProject
Project("{FAE04EC0-301F-11D3-BF4B-00C04F79EFBC}") = "UnityEditor.Purchasing", "UnityEditor.Purchasing.csproj", "{22725FC3-2E49-A056-1D07-1CC1ABCD714D}"
EndProject
Project("{FAE04EC0-301F-11D3-BF4B-00C04F79EFBC}") = "Unity.CollabProxy.Editor", "Unity.CollabProxy.Editor.csproj", "{2D335377-AB99-C2E6-1C8B-E0F8F6EE4E92}"
EndProject
Project("{FAE04EC0-301F-11D3-BF4B-00C04F79EFBC}") = "Assembly-CSharp-firstpass", "Assembly-CSharp-firstpass.csproj", "{EADCB9DB-305F-5B0C-EF45-6B07C391506C}"
EndProject
Project("{FAE04EC0-301F-11D3-BF4B-00C04F79EFBC}") = "Unity.Mathematics", "Unity.Mathematics.csproj", "{E51D5176-D954-F312-8A90-77F64B362FDC}"
EndProject
Project("{FAE04EC0-301F-11D3-BF4B-00C04F79EFBC}") = "Unity.Mediation", "Unity.Mediation.csproj", "{A8CDA04C-09E1-9606-B682-E370D3044CC6}"
EndProject
Project("{FAE04EC0-301F-11D3-BF4B-00C04F79EFBC}") = "SteamVR", "SteamVR.csproj", "{9C1D5202-758A-6E07-D140-16F59EE5309B}"
EndProject
Project("{FAE04EC0-301F-11D3-BF4B-00C04F79EFBC}") = "UnityEngine.Purchasing.Stores", "UnityEngine.Purchasing.Stores.csproj", "{512D22CD-0797-C586-4EE2-FF4233C927A9}"
EndProject
Project("{FAE04EC0-301F-11D3-BF4B-00C04F79EFBC}") = "UnityEngine.Purchasing", "UnityEngine.Purchasing.csproj", "{10E416A1-1ECB-CB6A-40D7-91C777E14222}"
EndProject
Project("{FAE04EC0-301F-11D3-BF4B-00C04F79EFBC}") = "SteamVR_Editor", "SteamVR_Editor.csproj", "{C82B668A-8BF8-2C10-E101-1436215D93F8}"
EndProject
Project("{FAE04EC0-301F-11D3-BF4B-00C04F79EFBC}") = "UnityEditor.TestRunner", "UnityEditor.TestRunner.csproj", "{7AC7D7B4-8011-A1AE-F363-295201D26D1E}"
EndProject
Project("{FAE04EC0-301F-11D3-BF4B-00C04F79EFBC}") = "SteamVR_Input_Editor", "SteamVR_Input_Editor.csproj", "{25FB0812-7293-651D-F385-202D912800CD}"
EndProject
Project("{FAE04EC0-301F-11D3-BF4B-00C04F79EFBC}") = "UnityEngine.TestRunner", "UnityEngine.TestRunner.csproj", "{7879B2E6-705F-71BD-33F4-5F3B579F1E23}"
EndProject
Project("{FAE04EC0-301F-11D3-BF4B-00C04F79EFBC}") = "Unity.XR.Management.Editor", "Unity.XR.Management.Editor.csproj", "{F48C87C2-4BF3-F118-5ECA-FD0DF8125275}"
EndProject
Project("{FAE04EC0-301F-11D3-BF4B-00C04F79EFBC}") = "UnityEngine.UI", "UnityEngine.UI.csproj", "{1ADC20A2-B3FF-5BA2-04D1-E673729B788D}"
EndProject
Project("{FAE04EC0-301F-11D3-BF4B-00C04F79EFBC}") = "Unity.AI.Navigation.Editor", "Unity.AI.Navigation.Editor.csproj", "{2F2DE2D3-E3DE-66C4-4E46-22604FD08FAA}"
EndProject
Project("{FAE04EC0-301F-11D3-BF4B-00C04F79EFBC}") = "Unity.VisualStudio.Editor", "Unity.VisualStudio.Editor.csproj", "{9A9223C0-AF67-D2E6-0A01-222A2B4B555D}"
EndProject
Project("{FAE04EC0-301F-11D3-BF4B-00C04F79EFBC}") = "Unity.Mediation.Settings.Editor", "Unity.Mediation.Settings.Editor.csproj", "{4C2DCE8F-8028-265C-6B0A-D87401418A71}"
EndProject
Project("{FAE04EC0-301F-11D3-BF4B-00C04F79EFBC}") = "Unity.Rider.Editor", "Unity.Rider.Editor.csproj", "{40D3548B-4B25-BA94-D9DB-DBF7527031E7}"
EndProject
Project("{FAE04EC0-301F-11D3-BF4B-00C04F79EFBC}") = "Unity.Services.Core.Environments.Internal", "Unity.Services.Core.Environments.Internal.csproj", "{AA7360D0-B2B9-0309-2CE4-24D68F789DBF}"
EndProject
Project("{FAE04EC0-301F-11D3-BF4B-00C04F79EFBC}") = "Unity.Services.Core.Telemetry", "Unity.Services.Core.Telemetry.csproj", "{44EF0E74-A4E5-FC00-DA4D-1A5656089E29}"
EndProject
Project("{FAE04EC0-301F-11D3-BF4B-00C04F79EFBC}") = "Unity.Mediation.Build.Editor", "Unity.Mediation.Build.Editor.csproj", "{D3E7F8AE-72EE-417F-0B37-4D79CAB9758C}"
EndProject
Project("{FAE04EC0-301F-11D3-BF4B-00C04F79EFBC}") = "Unity.AI.Navigation", "Unity.AI.Navigation.csproj", "{4058740B-16A7-521A-A2DC-A56DDAF10003}"
EndProject
Project("{FAE04EC0-301F-11D3-BF4B-00C04F79EFBC}") = "Unity.Services.Analytics", "Unity.Services.Analytics.csproj", "{890251D6-35B3-DB4A-E1BD-4D7C62520163}"
EndProject
Project("{FAE04EC0-301F-11D3-BF4B-00C04F79EFBC}") = "Unity.Services.Core.Editor", "Unity.Services.Core.Editor.csproj", "{DF02638E-4BAE-E384-3E08-3B8C00E6640F}"
EndProject
Project("{FAE04EC0-301F-11D3-BF4B-00C04F79EFBC}") = "Unity.Services.Core.Configuration", "Unity.Services.Core.Configuration.csproj", "{92BAACA5-FACD-3C61-4843-C7967AD913FD}"
EndProject
Project("{FAE04EC0-301F-11D3-BF4B-00C04F79EFBC}") = "Unity.AI.Navigation.Editor.ConversionSystem", "Unity.AI.Navigation.Editor.ConversionSystem.csproj", "{2BC14E86-F322-D2EE-6EDF-57F70E04DE1E}"
EndProject
Project("{FAE04EC0-301F-11D3-BF4B-00C04F79EFBC}") = "UnityEditor.XR.LegacyInputHelpers", "UnityEditor.XR.LegacyInputHelpers.csproj", "{5225EFF7-B189-910B-1AAA-EB0401649EF4}"
EndProject
Project("{FAE04EC0-301F-11D3-BF4B-00C04F79EFBC}") = "Unity.Services.Core.Configuration.Editor", "Unity.Services.Core.Configuration.Editor.csproj", "{21F16C87-1417-F9B7-07BB-625F5A362F91}"
EndProject
Project("{FAE04EC0-301F-11D3-BF4B-00C04F79EFBC}") = "Unity.Services.Core", "Unity.Services.Core.csproj", "{27C925A2-98E6-7875-7907-A75533ABBB48}"
EndProject
Project("{FAE04EC0-301F-11D3-BF4B-00C04F79EFBC}") = "Unity.TextMeshPro", "Unity.TextMeshPro.csproj", "{A0DC3301-C24B-E216-9F92-332073C85622}"
EndProject
Project("{FAE04EC0-301F-11D3-BF4B-00C04F79EFBC}") = "Unity.Services.Core.Networking", "Unity.Services.Core.Networking.csproj", "{6943F89F-F97B-FF99-1730-3C538EB7DE27}"
EndProject
Project("{FAE04EC0-301F-11D3-BF4B-00C04F79EFBC}") = "Unity.Services.Core.Scheduler", "Unity.Services.Core.Scheduler.csproj", "{48E40A8C-7DEC-A772-C2BB-FB9071ED3D67}"
EndProject
Project("{FAE04EC0-301F-11D3-BF4B-00C04F79EFBC}") = "Unity.Services.Analytics.Editor", "Unity.Services.Analytics.Editor.csproj", "{1DA5D0D2-A57D-5A34-B94B-10C4709288CC}"
EndProject
Project("{FAE04EC0-301F-11D3-BF4B-00C04F79EFBC}") = "Unity.VSCode.Editor", "Unity.VSCode.Editor.csproj", "{8E2F8DFC-C333-B509-3DE1-2CFD9C5E54E9}"
EndProject
Project("{FAE04EC0-301F-11D3-BF4B-00C04F79EFBC}") = "SteamVR_Actions", "SteamVR_Actions.csproj", "{3FDB1BC7-6D3A-0FE4-990D-CC02D3D9739E}"
EndProject
Project("{FAE04EC0-301F-11D3-BF4B-00C04F79EFBC}") = "Unity.2D.Sprite.Editor", "Unity.2D.Sprite.Editor.csproj", "{AEAD0707-B90A-F05A-F3F1-0AE081A83676}"
EndProject
Project("{FAE04EC0-301F-11D3-BF4B-00C04F79EFBC}") = "UnityEngine.Purchasing.AppleMacosStub", "UnityEngine.Purchasing.AppleMacosStub.csproj", "{735F5522-B154-5383-BC52-202729F728B3}"
EndProject
Project("{FAE04EC0-301F-11D3-BF4B-00C04F79EFBC}") = "Unity.AI.Navigation.Updater", "Unity.AI.Navigation.Updater.csproj", "{1A475D7A-FEE6-4544-1772-0992C50A7EEE}"
EndProject
Project("{FAE04EC0-301F-11D3-BF4B-00C04F79EFBC}") = "UnityEngine.Purchasing.Codeless", "UnityEngine.Purchasing.Codeless.csproj", "{FA0A13C7-9ADE-8098-E63A-10AC39EA8900}"
EndProject
Project("{FAE04EC0-301F-11D3-BF4B-00C04F79EFBC}") = "UnityEditor.SpatialTracking", "UnityEditor.SpatialTracking.csproj", "{F533780F-F5B8-F15E-2F20-0350728B47FB}"
EndProject
Project("{FAE04EC0-301F-11D3-BF4B-00C04F79EFBC}") = "Unity.Mediation.Adapters.Editor", "Unity.Mediation.Adapters.Editor.csproj", "{58B0EBE2-2293-92B2-AE7B-1F3B9B3AE3B5}"
EndProject
Project("{FAE04EC0-301F-11D3-BF4B-00C04F79EFBC}") = "Unity.Analytics.DataPrivacy", "Unity.Analytics.DataPrivacy.csproj", "{004F659D-BD9F-D70D-32B2-EA8A5F8E35C8}"
EndProject
Project("{FAE04EC0-301F-11D3-BF4B-00C04F79EFBC}") = "UnityEngine.Purchasing.SecurityStub", "UnityEngine.Purchasing.SecurityStub.csproj", "{2E392914-EB8D-FB28-50CE-B7376673322C}"
EndProject
Project("{FAE04EC0-301F-11D3-BF4B-00C04F79EFBC}") = "Unity.Settings.Editor", "Unity.Settings.Editor.csproj", "{FFFA0953-E5FF-2E6B-206A-ADF514F6EC07}"
EndProject
Project("{FAE04EC0-301F-11D3-BF4B-00C04F79EFBC}") = "Unity.Services.Core.Registration", "Unity.Services.Core.Registration.csproj", "{84478499-C62A-20DF-CDBC-6ECA3BD25813}"
EndProject
Project("{FAE04EC0-301F-11D3-BF4B-00C04F79EFBC}") = "UnityEngine.Purchasing.SecurityCore", "UnityEngine.Purchasing.SecurityCore.csproj", "{499EABCC-0986-D259-CBD2-EAFDEB1F994B}"
EndProject
Project("{FAE04EC0-301F-11D3-BF4B-00C04F79EFBC}") = "UnityEngine.Purchasing.WinRTStub", "UnityEngine.Purchasing.WinRTStub.csproj", "{6DFA45FF-916D-6D1A-93F7-7287D881F2D1}"
EndProject
Project("{FAE04EC0-301F-11D3-BF4B-00C04F79EFBC}") = "Unity.Services.Core.Analytics", "Unity.Services.Core.Analytics.csproj", "{2CCA5DDD-89DB-5B39-7029-334BA4855CED}"
EndProject
Project("{FAE04EC0-301F-11D3-BF4B-00C04F79EFBC}") = "Unity.XR.OpenVR", "Unity.XR.OpenVR.csproj", "{DB2D35F4-78C8-5632-ADEE-49DDB74A3259}"
EndProject
Project("{FAE04EC0-301F-11D3-BF4B-00C04F79EFBC}") = "UnityEngine.SpatialTracking", "UnityEngine.SpatialTracking.csproj", "{E9746084-B560-87B4-03EC-4778BDB0AD73}"
EndProject
Project("{FAE04EC0-301F-11D3-BF4B-00C04F79EFBC}") = "Unity.Services.Core.Threading", "Unity.Services.Core.Threading.csproj", "{F4823423-A517-45CF-7BFF-37AC191A2AE0}"
EndProject
Project("{FAE04EC0-301F-11D3-BF4B-00C04F79EFBC}") = "UnityEngine.Purchasing.AppleStub", "UnityEngine.Purchasing.AppleStub.csproj", "{CCBDFD44-BA21-D9D4-0490-94FDCFA34760}"
EndProject
Project("{FAE04EC0-301F-11D3-BF4B-00C04F79EFBC}") = "Unity.Mathematics.Editor", "Unity.Mathematics.Editor.csproj", "{07330DC5-DA6D-9C72-4A0D-16BBB11DA0BE}"
EndProject
Project("{FAE04EC0-301F-11D3-BF4B-00C04F79EFBC}") = "Unity.Services.Core.Device", "Unity.Services.Core.Device.csproj", "{770AD72E-0B21-56A1-DBD1-E097238A0AAD}"
EndProject
Project("{FAE04EC0-301F-11D3-BF4B-00C04F79EFBC}") = "PlayServicesResolver.Installer.Editor", "PlayServicesResolver.Installer.Editor.csproj", "{2BB39FD4-A0DB-FC65-E897-831704DAA541}"
EndProject
Project("{FAE04EC0-301F-11D3-BF4B-00C04F79EFBC}") = "UnityEngine.Purchasing.WinRTCore", "UnityEngine.Purchasing.WinRTCore.csproj", "{43688778-F7D9-D827-9713-79C0F34A2927}"
EndProject
Project("{FAE04EC0-301F-11D3-BF4B-00C04F79EFBC}") = "Assembly-CSharp-Editor-firstpass", "Assembly-CSharp-Editor-firstpass.csproj", "{A841D716-CB1F-D488-F7F3-5BAF4DC168DB}"
EndProject
Project("{FAE04EC0-301F-11D3-BF4B-00C04F79EFBC}") = "PlayServicesResolver.Utils.Editor", "PlayServicesResolver.Utils.Editor.csproj", "{67588E38-639A-BCB6-FC10-CF47843243C8}"
EndProject
Project("{FAE04EC0-301F-11D3-BF4B-00C04F79EFBC}") = "Purchasing.Common", "Purchasing.Common.csproj", "{F62EB852-27AD-3BB7-A23C-F467FF1E2AF4}"
EndProject
Project("{FAE04EC0-301F-11D3-BF4B-00C04F79EFBC}") = "Unity.Services.Core.Environments", "Unity.Services.Core.Environments.csproj", "{2509FA89-8DCA-BFDB-BA59-57B7177C0CFC}"
EndProject
Project("{FAE04EC0-301F-11D3-BF4B-00C04F79EFBC}") = "Unity.Subsystem.Registration", "Unity.Subsystem.Registration.csproj", "{FFA93FF1-6A0D-2439-CA39-6FAEF85EE0C5}"
EndProject
Project("{FAE04EC0-301F-11D3-BF4B-00C04F79EFBC}") = "SteamVR_Windows_EditorHelper", "SteamVR_Windows_EditorHelper.csproj", "{A129BFEC-3FB0-8D5D-8A3C-CAC1EA1624EE}"
EndProject
Project("{FAE04EC0-301F-11D3-BF4B-00C04F79EFBC}") = "UnityEngine.XR.LegacyInputHelpers", "UnityEngine.XR.LegacyInputHelpers.csproj", "{42C7C2BE-E971-4DBB-8FF0-FDDBE0B350B1}"
EndProject
Project("{FAE04EC0-301F-11D3-BF4B-00C04F79EFBC}") = "UnityEngine.Purchasing.AppleCore", "UnityEngine.Purchasing.AppleCore.csproj", "{F9D0C99B-882D-67CD-4849-E8CBF5091ADD}"
EndProject
Project("{FAE04EC0-301F-11D3-BF4B-00C04F79EFBC}") = "Analytics", "Analytics.csproj", "{EB4905CD-A570-42EF-127E-AEAAB891A885}"
EndProject
Project("{FAE04EC0-301F-11D3-BF4B-00C04F79EFBC}") = "Unity.Timeline", "Unity.Timeline.Player.csproj", "{C0390BA1-9A6A-5981-75C9-15E0C4E1F621}"
EndProject
Project("{FAE04EC0-301F-11D3-BF4B-00C04F79EFBC}") = "Unity.XR.Management", "Unity.XR.Management.Player.csproj", "{75D011E1-202D-7957-C6A1-56E99F16355E}"
EndProject
Project("{FAE04EC0-301F-11D3-BF4B-00C04F79EFBC}") = "Assembly-CSharp", "Assembly-CSharp.Player.csproj", "{402E93D7-7E80-D252-C1A3-BD5E320DB1BC}"
EndProject
Project("{FAE04EC0-301F-11D3-BF4B-00C04F79EFBC}") = "Unity.Services.Core.Internal", "Unity.Services.Core.Internal.Player.csproj", "{0CC0002C-BE39-67C7-82EA-D1F469A2CADC}"
EndProject
Project("{FAE04EC0-301F-11D3-BF4B-00C04F79EFBC}") = "Assembly-CSharp-firstpass", "Assembly-CSharp-firstpass.Player.csproj", "{5892CC20-C165-C765-6FE4-E0A4120B6CB5}"
EndProject
Project("{FAE04EC0-301F-11D3-BF4B-00C04F79EFBC}") = "Unity.Mathematics", "Unity.Mathematics.Player.csproj", "{9A74D670-BAF4-4E49-4A2F-35121EF90B89}"
EndProject
Project("{FAE04EC0-301F-11D3-BF4B-00C04F79EFBC}") = "Unity.Mediation", "Unity.Mediation.Player.csproj", "{CD6745E6-F09B-574A-C551-F23CAEF0170E}"
EndProject
Project("{FAE04EC0-301F-11D3-BF4B-00C04F79EFBC}") = "SteamVR", "SteamVR.Player.csproj", "{80259E19-9CD7-1DB3-9908-D751E2D15598}"
EndProject
Project("{FAE04EC0-301F-11D3-BF4B-00C04F79EFBC}") = "UnityEngine.Purchasing.Stores", "UnityEngine.Purchasing.Stores.Player.csproj", "{6782ED04-B75D-78C7-D72E-19A3D66AA504}"
EndProject
Project("{FAE04EC0-301F-11D3-BF4B-00C04F79EFBC}") = "UnityEngine.Purchasing", "UnityEngine.Purchasing.Player.csproj", "{0A716A96-D2C7-11C0-B125-0B4250240A4F}"
EndProject
Project("{FAE04EC0-301F-11D3-BF4B-00C04F79EFBC}") = "UnityEngine.TestRunner", "UnityEngine.TestRunner.Player.csproj", "{CDA737B5-A433-489C-0170-84ACA5CFD6E7}"
EndProject
Project("{FAE04EC0-301F-11D3-BF4B-00C04F79EFBC}") = "UnityEngine.UI", "UnityEngine.UI.Player.csproj", "{A3975E51-8288-232B-34CD-EA6B2F12AAF4}"
EndProject
Project("{FAE04EC0-301F-11D3-BF4B-00C04F79EFBC}") = "Unity.Services.Core.Environments.Internal", "Unity.Services.Core.Environments.Internal.Player.csproj", "{274B5F9D-A55E-436D-B91A-2AE59871051B}"
EndProject
Project("{FAE04EC0-301F-11D3-BF4B-00C04F79EFBC}") = "Unity.Services.Core.Telemetry", "Unity.Services.Core.Telemetry.Player.csproj", "{760F1752-B8D5-D721-68A5-53618B997697}"
EndProject
Project("{FAE04EC0-301F-11D3-BF4B-00C04F79EFBC}") = "Unity.AI.Navigation", "Unity.AI.Navigation.Player.csproj", "{00CB58E5-72BE-1AC2-FDC8-3FC2EF1DFBF3}"
EndProject
Project("{FAE04EC0-301F-11D3-BF4B-00C04F79EFBC}") = "Unity.Services.Analytics", "Unity.Services.Analytics.Player.csproj", "{4A78F8EF-A923-96E3-ED23-A1D85DA58662}"
EndProject
Project("{FAE04EC0-301F-11D3-BF4B-00C04F79EFBC}") = "Unity.Services.Core.Configuration", "Unity.Services.Core.Configuration.Player.csproj", "{C3E65683-7948-A938-18B9-5D819D08475F}"
EndProject
Project("{FAE04EC0-301F-11D3-BF4B-00C04F79EFBC}") = "Unity.Services.Core", "Unity.Services.Core.Player.csproj", "{53A110A2-410C-F7CE-B70F-1E41B050B68B}"
EndProject
Project("{FAE04EC0-301F-11D3-BF4B-00C04F79EFBC}") = "Unity.TextMeshPro", "Unity.TextMeshPro.Player.csproj", "{06C363DD-72EF-0D9C-E294-339F0734348C}"
EndProject
Project("{FAE04EC0-301F-11D3-BF4B-00C04F79EFBC}") = "Unity.Services.Core.Networking", "Unity.Services.Core.Networking.Player.csproj", "{8008E988-ABB9-66C9-B439-73385C84368D}"
EndProject
Project("{FAE04EC0-301F-11D3-BF4B-00C04F79EFBC}") = "Unity.Services.Core.Scheduler", "Unity.Services.Core.Scheduler.Player.csproj", "{7E9126F3-5DC1-692E-95ED-511384DBE3B4}"
EndProject
Project("{FAE04EC0-301F-11D3-BF4B-00C04F79EFBC}") = "SteamVR_Actions", "SteamVR_Actions.Player.csproj", "{B3F3C024-B8DC-CCD5-9160-44528B91CC97}"
EndProject
Project("{FAE04EC0-301F-11D3-BF4B-00C04F79EFBC}") = "UnityEngine.Purchasing.AppleMacosStub", "UnityEngine.Purchasing.AppleMacosStub.Player.csproj", "{B2090DA7-0B91-9825-DDED-A21F15AC7203}"
EndProject
Project("{FAE04EC0-301F-11D3-BF4B-00C04F79EFBC}") = "UnityEngine.Purchasing.Codeless", "UnityEngine.Purchasing.Codeless.Player.csproj", "{FCD2822C-5027-0758-44C6-BECDF3057E86}"
EndProject
Project("{FAE04EC0-301F-11D3-BF4B-00C04F79EFBC}") = "Unity.Analytics.DataPrivacy", "Unity.Analytics.DataPrivacy.Player.csproj", "{5C8AED61-8D4B-616F-6378-C394A399DFE3}"
EndProject
Project("{FAE04EC0-301F-11D3-BF4B-00C04F79EFBC}") = "UnityEngine.Purchasing.SecurityStub", "UnityEngine.Purchasing.SecurityStub.Player.csproj", "{57393AC0-B93F-D6A4-0D60-1104C40CF2DA}"
EndProject
Project("{FAE04EC0-301F-11D3-BF4B-00C04F79EFBC}") = "Unity.Services.Core.Registration", "Unity.Services.Core.Registration.Player.csproj", "{9C355DD0-98FB-ADDC-10CB-6989E6064345}"
EndProject
Project("{FAE04EC0-301F-11D3-BF4B-00C04F79EFBC}") = "UnityEngine.Purchasing.SecurityCore", "UnityEngine.Purchasing.SecurityCore.Player.csproj", "{F297F035-252D-E575-CC37-0E8BD226354D}"
EndProject
Project("{FAE04EC0-301F-11D3-BF4B-00C04F79EFBC}") = "UnityEngine.Purchasing.WinRTStub", "UnityEngine.Purchasing.WinRTStub.Player.csproj", "{D4BF78CA-717F-4685-3C65-A98D25B41594}"
EndProject
Project("{FAE04EC0-301F-11D3-BF4B-00C04F79EFBC}") = "Unity.Services.Core.Analytics", "Unity.Services.Core.Analytics.Player.csproj", "{6054BA5D-1441-BD90-CE31-DDF4DF07FED6}"
EndProject
Project("{FAE04EC0-301F-11D3-BF4B-00C04F79EFBC}") = "Unity.XR.OpenVR", "Unity.XR.OpenVR.Player.csproj", "{02E22745-77A3-7C0F-6A97-47D3021C3892}"
EndProject
Project("{FAE04EC0-301F-11D3-BF4B-00C04F79EFBC}") = "UnityEngine.SpatialTracking", "UnityEngine.SpatialTracking.Player.csproj", "{EE87DFF8-5365-D8A7-B414-63E7626F0A69}"
EndProject
Project("{FAE04EC0-301F-11D3-BF4B-00C04F79EFBC}") = "Unity.Services.Core.Threading", "Unity.Services.Core.Threading.Player.csproj", "{9BC2BB06-2185-8128-28C5-24DDDF5427C8}"
EndProject
Project("{FAE04EC0-301F-11D3-BF4B-00C04F79EFBC}") = "UnityEngine.Purchasing.AppleStub", "UnityEngine.Purchasing.AppleStub.Player.csproj", "{B94CBC40-6471-9151-0724-0ACCF61CA68D}"
EndProject
Project("{FAE04EC0-301F-11D3-BF4B-00C04F79EFBC}") = "Unity.Services.Core.Device", "Unity.Services.Core.Device.Player.csproj", "{C7BA136B-85A1-26D3-F902-CFFB187BDF3F}"
EndProject
Project("{FAE04EC0-301F-11D3-BF4B-00C04F79EFBC}") = "UnityEngine.Purchasing.WinRTCore", "UnityEngine.Purchasing.WinRTCore.Player.csproj", "{B4126F53-BD1E-3F73-5EB6-0D32D916043F}"
EndProject
Project("{FAE04EC0-301F-11D3-BF4B-00C04F79EFBC}") = "Purchasing.Common", "Purchasing.Common.Player.csproj", "{713A1AA4-279F-B685-1B16-39486A28EF4B}"
EndProject
Project("{FAE04EC0-301F-11D3-BF4B-00C04F79EFBC}") = "Unity.Services.Core.Environments", "Unity.Services.Core.Environments.Player.csproj", "{DA5DBB38-D329-5360-1AB1-F36554EA3AD8}"
EndProject
Project("{FAE04EC0-301F-11D3-BF4B-00C04F79EFBC}") = "Unity.Subsystem.Registration", "Unity.Subsystem.Registration.Player.csproj", "{1150003C-A3B5-DD78-5AA4-819D7273490C}"
EndProject
Project("{FAE04EC0-301F-11D3-BF4B-00C04F79EFBC}") = "UnityEngine.XR.LegacyInputHelpers", "UnityEngine.XR.LegacyInputHelpers.Player.csproj", "{C3DCB86C-361C-4AEC-F4E2-5041FCCC2729}"
EndProject
Project("{FAE04EC0-301F-11D3-BF4B-00C04F79EFBC}") = "UnityEngine.Purchasing.AppleCore", "UnityEngine.Purchasing.AppleCore.Player.csproj", "{6659C3EA-F9FE-F14F-3B75-4E400FC7CF59}"
EndProject
Global
	GlobalSection(SolutionConfigurationPlatforms) = preSolution
		Debug|Any CPU = Debug|Any CPU
		Release|Any CPU = Release|Any CPU
	EndGlobalSection
	GlobalSection(ProjectConfigurationPlatforms) = postSolution
		{CA78E96E-DB35-A7B7-D23D-B28250E1A2CB}.Debug|Any CPU.ActiveCfg = Debug|Any CPU
		{CA78E96E-DB35-A7B7-D23D-B28250E1A2CB}.Debug|Any CPU.Build.0 = Debug|Any CPU
		{CA78E96E-DB35-A7B7-D23D-B28250E1A2CB}.Release|Any CPU.ActiveCfg = Release|Any CPU
		{CA78E96E-DB35-A7B7-D23D-B28250E1A2CB}.Release|Any CPU.Build.0 = Release|Any CPU
		{60C2D2A7-DFD5-6648-D040-269FB7C4757E}.Debug|Any CPU.ActiveCfg = Debug|Any CPU
		{60C2D2A7-DFD5-6648-D040-269FB7C4757E}.Debug|Any CPU.Build.0 = Debug|Any CPU
		{60C2D2A7-DFD5-6648-D040-269FB7C4757E}.Release|Any CPU.ActiveCfg = Release|Any CPU
		{60C2D2A7-DFD5-6648-D040-269FB7C4757E}.Release|Any CPU.Build.0 = Release|Any CPU
		{788918DE-C3DD-54D6-7C64-748296FE7FFB}.Debug|Any CPU.ActiveCfg = Debug|Any CPU
		{788918DE-C3DD-54D6-7C64-748296FE7FFB}.Debug|Any CPU.Build.0 = Debug|Any CPU
		{788918DE-C3DD-54D6-7C64-748296FE7FFB}.Release|Any CPU.ActiveCfg = Release|Any CPU
		{788918DE-C3DD-54D6-7C64-748296FE7FFB}.Release|Any CPU.Build.0 = Release|Any CPU
		{F571D962-AF7E-086E-7E3F-038C7E68C9FC}.Debug|Any CPU.ActiveCfg = Debug|Any CPU
		{F571D962-AF7E-086E-7E3F-038C7E68C9FC}.Debug|Any CPU.Build.0 = Debug|Any CPU
		{F571D962-AF7E-086E-7E3F-038C7E68C9FC}.Release|Any CPU.ActiveCfg = Release|Any CPU
		{F571D962-AF7E-086E-7E3F-038C7E68C9FC}.Release|Any CPU.Build.0 = Release|Any CPU
		{0BB48CC8-B8D7-6B5C-1D69-1F84BA6511EA}.Debug|Any CPU.ActiveCfg = Debug|Any CPU
		{0BB48CC8-B8D7-6B5C-1D69-1F84BA6511EA}.Debug|Any CPU.Build.0 = Debug|Any CPU
		{0BB48CC8-B8D7-6B5C-1D69-1F84BA6511EA}.Release|Any CPU.ActiveCfg = Release|Any CPU
		{0BB48CC8-B8D7-6B5C-1D69-1F84BA6511EA}.Release|Any CPU.Build.0 = Release|Any CPU
		{A6BFF665-4031-3A8B-E0D8-DD641D521F86}.Debug|Any CPU.ActiveCfg = Debug|Any CPU
		{A6BFF665-4031-3A8B-E0D8-DD641D521F86}.Debug|Any CPU.Build.0 = Debug|Any CPU
		{A6BFF665-4031-3A8B-E0D8-DD641D521F86}.Release|Any CPU.ActiveCfg = Release|Any CPU
		{A6BFF665-4031-3A8B-E0D8-DD641D521F86}.Release|Any CPU.Build.0 = Release|Any CPU
		{70E2B993-290D-3A5B-8E1B-4AEFF00F1CA8}.Debug|Any CPU.ActiveCfg = Debug|Any CPU
		{70E2B993-290D-3A5B-8E1B-4AEFF00F1CA8}.Debug|Any CPU.Build.0 = Debug|Any CPU
		{70E2B993-290D-3A5B-8E1B-4AEFF00F1CA8}.Release|Any CPU.ActiveCfg = Release|Any CPU
		{70E2B993-290D-3A5B-8E1B-4AEFF00F1CA8}.Release|Any CPU.Build.0 = Release|Any CPU
		{98065C0B-9A07-0E53-6771-E5EA7C04D782}.Debug|Any CPU.ActiveCfg = Debug|Any CPU
		{98065C0B-9A07-0E53-6771-E5EA7C04D782}.Debug|Any CPU.Build.0 = Debug|Any CPU
		{98065C0B-9A07-0E53-6771-E5EA7C04D782}.Release|Any CPU.ActiveCfg = Release|Any CPU
		{98065C0B-9A07-0E53-6771-E5EA7C04D782}.Release|Any CPU.Build.0 = Release|Any CPU
		{F61E3985-1FFB-08FB-3264-B8692F231CF7}.Debug|Any CPU.ActiveCfg = Debug|Any CPU
		{F61E3985-1FFB-08FB-3264-B8692F231CF7}.Debug|Any CPU.Build.0 = Debug|Any CPU
		{F61E3985-1FFB-08FB-3264-B8692F231CF7}.Release|Any CPU.ActiveCfg = Release|Any CPU
		{F61E3985-1FFB-08FB-3264-B8692F231CF7}.Release|Any CPU.Build.0 = Release|Any CPU
		{14866A95-366A-E22D-3502-E6FB63D3C8AF}.Debug|Any CPU.ActiveCfg = Debug|Any CPU
		{14866A95-366A-E22D-3502-E6FB63D3C8AF}.Debug|Any CPU.Build.0 = Debug|Any CPU
		{14866A95-366A-E22D-3502-E6FB63D3C8AF}.Release|Any CPU.ActiveCfg = Release|Any CPU
		{14866A95-366A-E22D-3502-E6FB63D3C8AF}.Release|Any CPU.Build.0 = Release|Any CPU
		{22725FC3-2E49-A056-1D07-1CC1ABCD714D}.Debug|Any CPU.ActiveCfg = Debug|Any CPU
		{22725FC3-2E49-A056-1D07-1CC1ABCD714D}.Debug|Any CPU.Build.0 = Debug|Any CPU
		{22725FC3-2E49-A056-1D07-1CC1ABCD714D}.Release|Any CPU.ActiveCfg = Release|Any CPU
		{22725FC3-2E49-A056-1D07-1CC1ABCD714D}.Release|Any CPU.Build.0 = Release|Any CPU
		{2D335377-AB99-C2E6-1C8B-E0F8F6EE4E92}.Debug|Any CPU.ActiveCfg = Debug|Any CPU
		{2D335377-AB99-C2E6-1C8B-E0F8F6EE4E92}.Debug|Any CPU.Build.0 = Debug|Any CPU
		{2D335377-AB99-C2E6-1C8B-E0F8F6EE4E92}.Release|Any CPU.ActiveCfg = Release|Any CPU
		{2D335377-AB99-C2E6-1C8B-E0F8F6EE4E92}.Release|Any CPU.Build.0 = Release|Any CPU
		{EADCB9DB-305F-5B0C-EF45-6B07C391506C}.Debug|Any CPU.ActiveCfg = Debug|Any CPU
		{EADCB9DB-305F-5B0C-EF45-6B07C391506C}.Debug|Any CPU.Build.0 = Debug|Any CPU
		{EADCB9DB-305F-5B0C-EF45-6B07C391506C}.Release|Any CPU.ActiveCfg = Release|Any CPU
		{EADCB9DB-305F-5B0C-EF45-6B07C391506C}.Release|Any CPU.Build.0 = Release|Any CPU
		{E51D5176-D954-F312-8A90-77F64B362FDC}.Debug|Any CPU.ActiveCfg = Debug|Any CPU
		{E51D5176-D954-F312-8A90-77F64B362FDC}.Debug|Any CPU.Build.0 = Debug|Any CPU
		{E51D5176-D954-F312-8A90-77F64B362FDC}.Release|Any CPU.ActiveCfg = Release|Any CPU
		{E51D5176-D954-F312-8A90-77F64B362FDC}.Release|Any CPU.Build.0 = Release|Any CPU
		{A8CDA04C-09E1-9606-B682-E370D3044CC6}.Debug|Any CPU.ActiveCfg = Debug|Any CPU
		{A8CDA04C-09E1-9606-B682-E370D3044CC6}.Debug|Any CPU.Build.0 = Debug|Any CPU
		{A8CDA04C-09E1-9606-B682-E370D3044CC6}.Release|Any CPU.ActiveCfg = Release|Any CPU
		{A8CDA04C-09E1-9606-B682-E370D3044CC6}.Release|Any CPU.Build.0 = Release|Any CPU
		{9C1D5202-758A-6E07-D140-16F59EE5309B}.Debug|Any CPU.ActiveCfg = Debug|Any CPU
		{9C1D5202-758A-6E07-D140-16F59EE5309B}.Debug|Any CPU.Build.0 = Debug|Any CPU
		{9C1D5202-758A-6E07-D140-16F59EE5309B}.Release|Any CPU.ActiveCfg = Release|Any CPU
		{9C1D5202-758A-6E07-D140-16F59EE5309B}.Release|Any CPU.Build.0 = Release|Any CPU
		{512D22CD-0797-C586-4EE2-FF4233C927A9}.Debug|Any CPU.ActiveCfg = Debug|Any CPU
		{512D22CD-0797-C586-4EE2-FF4233C927A9}.Debug|Any CPU.Build.0 = Debug|Any CPU
		{512D22CD-0797-C586-4EE2-FF4233C927A9}.Release|Any CPU.ActiveCfg = Release|Any CPU
		{512D22CD-0797-C586-4EE2-FF4233C927A9}.Release|Any CPU.Build.0 = Release|Any CPU
		{10E416A1-1ECB-CB6A-40D7-91C777E14222}.Debug|Any CPU.ActiveCfg = Debug|Any CPU
		{10E416A1-1ECB-CB6A-40D7-91C777E14222}.Debug|Any CPU.Build.0 = Debug|Any CPU
		{10E416A1-1ECB-CB6A-40D7-91C777E14222}.Release|Any CPU.ActiveCfg = Release|Any CPU
		{10E416A1-1ECB-CB6A-40D7-91C777E14222}.Release|Any CPU.Build.0 = Release|Any CPU
		{C82B668A-8BF8-2C10-E101-1436215D93F8}.Debug|Any CPU.ActiveCfg = Debug|Any CPU
		{C82B668A-8BF8-2C10-E101-1436215D93F8}.Debug|Any CPU.Build.0 = Debug|Any CPU
		{C82B668A-8BF8-2C10-E101-1436215D93F8}.Release|Any CPU.ActiveCfg = Release|Any CPU
		{C82B668A-8BF8-2C10-E101-1436215D93F8}.Release|Any CPU.Build.0 = Release|Any CPU
		{7AC7D7B4-8011-A1AE-F363-295201D26D1E}.Debug|Any CPU.ActiveCfg = Debug|Any CPU
		{7AC7D7B4-8011-A1AE-F363-295201D26D1E}.Debug|Any CPU.Build.0 = Debug|Any CPU
		{7AC7D7B4-8011-A1AE-F363-295201D26D1E}.Release|Any CPU.ActiveCfg = Release|Any CPU
		{7AC7D7B4-8011-A1AE-F363-295201D26D1E}.Release|Any CPU.Build.0 = Release|Any CPU
		{25FB0812-7293-651D-F385-202D912800CD}.Debug|Any CPU.ActiveCfg = Debug|Any CPU
		{25FB0812-7293-651D-F385-202D912800CD}.Debug|Any CPU.Build.0 = Debug|Any CPU
		{25FB0812-7293-651D-F385-202D912800CD}.Release|Any CPU.ActiveCfg = Release|Any CPU
		{25FB0812-7293-651D-F385-202D912800CD}.Release|Any CPU.Build.0 = Release|Any CPU
		{7879B2E6-705F-71BD-33F4-5F3B579F1E23}.Debug|Any CPU.ActiveCfg = Debug|Any CPU
		{7879B2E6-705F-71BD-33F4-5F3B579F1E23}.Debug|Any CPU.Build.0 = Debug|Any CPU
		{7879B2E6-705F-71BD-33F4-5F3B579F1E23}.Release|Any CPU.ActiveCfg = Release|Any CPU
		{7879B2E6-705F-71BD-33F4-5F3B579F1E23}.Release|Any CPU.Build.0 = Release|Any CPU
		{F48C87C2-4BF3-F118-5ECA-FD0DF8125275}.Debug|Any CPU.ActiveCfg = Debug|Any CPU
		{F48C87C2-4BF3-F118-5ECA-FD0DF8125275}.Debug|Any CPU.Build.0 = Debug|Any CPU
		{F48C87C2-4BF3-F118-5ECA-FD0DF8125275}.Release|Any CPU.ActiveCfg = Release|Any CPU
		{F48C87C2-4BF3-F118-5ECA-FD0DF8125275}.Release|Any CPU.Build.0 = Release|Any CPU
		{1ADC20A2-B3FF-5BA2-04D1-E673729B788D}.Debug|Any CPU.ActiveCfg = Debug|Any CPU
		{1ADC20A2-B3FF-5BA2-04D1-E673729B788D}.Debug|Any CPU.Build.0 = Debug|Any CPU
		{1ADC20A2-B3FF-5BA2-04D1-E673729B788D}.Release|Any CPU.ActiveCfg = Release|Any CPU
		{1ADC20A2-B3FF-5BA2-04D1-E673729B788D}.Release|Any CPU.Build.0 = Release|Any CPU
		{2F2DE2D3-E3DE-66C4-4E46-22604FD08FAA}.Debug|Any CPU.ActiveCfg = Debug|Any CPU
		{2F2DE2D3-E3DE-66C4-4E46-22604FD08FAA}.Debug|Any CPU.Build.0 = Debug|Any CPU
		{2F2DE2D3-E3DE-66C4-4E46-22604FD08FAA}.Release|Any CPU.ActiveCfg = Release|Any CPU
		{2F2DE2D3-E3DE-66C4-4E46-22604FD08FAA}.Release|Any CPU.Build.0 = Release|Any CPU
		{9A9223C0-AF67-D2E6-0A01-222A2B4B555D}.Debug|Any CPU.ActiveCfg = Debug|Any CPU
		{9A9223C0-AF67-D2E6-0A01-222A2B4B555D}.Debug|Any CPU.Build.0 = Debug|Any CPU
		{9A9223C0-AF67-D2E6-0A01-222A2B4B555D}.Release|Any CPU.ActiveCfg = Release|Any CPU
		{9A9223C0-AF67-D2E6-0A01-222A2B4B555D}.Release|Any CPU.Build.0 = Release|Any CPU
		{4C2DCE8F-8028-265C-6B0A-D87401418A71}.Debug|Any CPU.ActiveCfg = Debug|Any CPU
		{4C2DCE8F-8028-265C-6B0A-D87401418A71}.Debug|Any CPU.Build.0 = Debug|Any CPU
		{4C2DCE8F-8028-265C-6B0A-D87401418A71}.Release|Any CPU.ActiveCfg = Release|Any CPU
		{4C2DCE8F-8028-265C-6B0A-D87401418A71}.Release|Any CPU.Build.0 = Release|Any CPU
		{40D3548B-4B25-BA94-D9DB-DBF7527031E7}.Debug|Any CPU.ActiveCfg = Debug|Any CPU
		{40D3548B-4B25-BA94-D9DB-DBF7527031E7}.Debug|Any CPU.Build.0 = Debug|Any CPU
		{40D3548B-4B25-BA94-D9DB-DBF7527031E7}.Release|Any CPU.ActiveCfg = Release|Any CPU
		{40D3548B-4B25-BA94-D9DB-DBF7527031E7}.Release|Any CPU.Build.0 = Release|Any CPU
		{AA7360D0-B2B9-0309-2CE4-24D68F789DBF}.Debug|Any CPU.ActiveCfg = Debug|Any CPU
		{AA7360D0-B2B9-0309-2CE4-24D68F789DBF}.Debug|Any CPU.Build.0 = Debug|Any CPU
		{AA7360D0-B2B9-0309-2CE4-24D68F789DBF}.Release|Any CPU.ActiveCfg = Release|Any CPU
		{AA7360D0-B2B9-0309-2CE4-24D68F789DBF}.Release|Any CPU.Build.0 = Release|Any CPU
		{44EF0E74-A4E5-FC00-DA4D-1A5656089E29}.Debug|Any CPU.ActiveCfg = Debug|Any CPU
		{44EF0E74-A4E5-FC00-DA4D-1A5656089E29}.Debug|Any CPU.Build.0 = Debug|Any CPU
		{44EF0E74-A4E5-FC00-DA4D-1A5656089E29}.Release|Any CPU.ActiveCfg = Release|Any CPU
		{44EF0E74-A4E5-FC00-DA4D-1A5656089E29}.Release|Any CPU.Build.0 = Release|Any CPU
		{D3E7F8AE-72EE-417F-0B37-4D79CAB9758C}.Debug|Any CPU.ActiveCfg = Debug|Any CPU
		{D3E7F8AE-72EE-417F-0B37-4D79CAB9758C}.Debug|Any CPU.Build.0 = Debug|Any CPU
		{D3E7F8AE-72EE-417F-0B37-4D79CAB9758C}.Release|Any CPU.ActiveCfg = Release|Any CPU
		{D3E7F8AE-72EE-417F-0B37-4D79CAB9758C}.Release|Any CPU.Build.0 = Release|Any CPU
		{4058740B-16A7-521A-A2DC-A56DDAF10003}.Debug|Any CPU.ActiveCfg = Debug|Any CPU
		{4058740B-16A7-521A-A2DC-A56DDAF10003}.Debug|Any CPU.Build.0 = Debug|Any CPU
		{4058740B-16A7-521A-A2DC-A56DDAF10003}.Release|Any CPU.ActiveCfg = Release|Any CPU
		{4058740B-16A7-521A-A2DC-A56DDAF10003}.Release|Any CPU.Build.0 = Release|Any CPU
		{890251D6-35B3-DB4A-E1BD-4D7C62520163}.Debug|Any CPU.ActiveCfg = Debug|Any CPU
		{890251D6-35B3-DB4A-E1BD-4D7C62520163}.Debug|Any CPU.Build.0 = Debug|Any CPU
		{890251D6-35B3-DB4A-E1BD-4D7C62520163}.Release|Any CPU.ActiveCfg = Release|Any CPU
		{890251D6-35B3-DB4A-E1BD-4D7C62520163}.Release|Any CPU.Build.0 = Release|Any CPU
		{DF02638E-4BAE-E384-3E08-3B8C00E6640F}.Debug|Any CPU.ActiveCfg = Debug|Any CPU
		{DF02638E-4BAE-E384-3E08-3B8C00E6640F}.Debug|Any CPU.Build.0 = Debug|Any CPU
		{DF02638E-4BAE-E384-3E08-3B8C00E6640F}.Release|Any CPU.ActiveCfg = Release|Any CPU
		{DF02638E-4BAE-E384-3E08-3B8C00E6640F}.Release|Any CPU.Build.0 = Release|Any CPU
		{92BAACA5-FACD-3C61-4843-C7967AD913FD}.Debug|Any CPU.ActiveCfg = Debug|Any CPU
		{92BAACA5-FACD-3C61-4843-C7967AD913FD}.Debug|Any CPU.Build.0 = Debug|Any CPU
		{92BAACA5-FACD-3C61-4843-C7967AD913FD}.Release|Any CPU.ActiveCfg = Release|Any CPU
		{92BAACA5-FACD-3C61-4843-C7967AD913FD}.Release|Any CPU.Build.0 = Release|Any CPU
		{2BC14E86-F322-D2EE-6EDF-57F70E04DE1E}.Debug|Any CPU.ActiveCfg = Debug|Any CPU
		{2BC14E86-F322-D2EE-6EDF-57F70E04DE1E}.Debug|Any CPU.Build.0 = Debug|Any CPU
		{2BC14E86-F322-D2EE-6EDF-57F70E04DE1E}.Release|Any CPU.ActiveCfg = Release|Any CPU
		{2BC14E86-F322-D2EE-6EDF-57F70E04DE1E}.Release|Any CPU.Build.0 = Release|Any CPU
		{5225EFF7-B189-910B-1AAA-EB0401649EF4}.Debug|Any CPU.ActiveCfg = Debug|Any CPU
		{5225EFF7-B189-910B-1AAA-EB0401649EF4}.Debug|Any CPU.Build.0 = Debug|Any CPU
		{5225EFF7-B189-910B-1AAA-EB0401649EF4}.Release|Any CPU.ActiveCfg = Release|Any CPU
		{5225EFF7-B189-910B-1AAA-EB0401649EF4}.Release|Any CPU.Build.0 = Release|Any CPU
		{21F16C87-1417-F9B7-07BB-625F5A362F91}.Debug|Any CPU.ActiveCfg = Debug|Any CPU
		{21F16C87-1417-F9B7-07BB-625F5A362F91}.Debug|Any CPU.Build.0 = Debug|Any CPU
		{21F16C87-1417-F9B7-07BB-625F5A362F91}.Release|Any CPU.ActiveCfg = Release|Any CPU
		{21F16C87-1417-F9B7-07BB-625F5A362F91}.Release|Any CPU.Build.0 = Release|Any CPU
		{27C925A2-98E6-7875-7907-A75533ABBB48}.Debug|Any CPU.ActiveCfg = Debug|Any CPU
		{27C925A2-98E6-7875-7907-A75533ABBB48}.Debug|Any CPU.Build.0 = Debug|Any CPU
		{27C925A2-98E6-7875-7907-A75533ABBB48}.Release|Any CPU.ActiveCfg = Release|Any CPU
		{27C925A2-98E6-7875-7907-A75533ABBB48}.Release|Any CPU.Build.0 = Release|Any CPU
		{A0DC3301-C24B-E216-9F92-332073C85622}.Debug|Any CPU.ActiveCfg = Debug|Any CPU
		{A0DC3301-C24B-E216-9F92-332073C85622}.Debug|Any CPU.Build.0 = Debug|Any CPU
		{A0DC3301-C24B-E216-9F92-332073C85622}.Release|Any CPU.ActiveCfg = Release|Any CPU
		{A0DC3301-C24B-E216-9F92-332073C85622}.Release|Any CPU.Build.0 = Release|Any CPU
		{6943F89F-F97B-FF99-1730-3C538EB7DE27}.Debug|Any CPU.ActiveCfg = Debug|Any CPU
		{6943F89F-F97B-FF99-1730-3C538EB7DE27}.Debug|Any CPU.Build.0 = Debug|Any CPU
		{6943F89F-F97B-FF99-1730-3C538EB7DE27}.Release|Any CPU.ActiveCfg = Release|Any CPU
		{6943F89F-F97B-FF99-1730-3C538EB7DE27}.Release|Any CPU.Build.0 = Release|Any CPU
		{48E40A8C-7DEC-A772-C2BB-FB9071ED3D67}.Debug|Any CPU.ActiveCfg = Debug|Any CPU
		{48E40A8C-7DEC-A772-C2BB-FB9071ED3D67}.Debug|Any CPU.Build.0 = Debug|Any CPU
		{48E40A8C-7DEC-A772-C2BB-FB9071ED3D67}.Release|Any CPU.ActiveCfg = Release|Any CPU
		{48E40A8C-7DEC-A772-C2BB-FB9071ED3D67}.Release|Any CPU.Build.0 = Release|Any CPU
		{1DA5D0D2-A57D-5A34-B94B-10C4709288CC}.Debug|Any CPU.ActiveCfg = Debug|Any CPU
		{1DA5D0D2-A57D-5A34-B94B-10C4709288CC}.Debug|Any CPU.Build.0 = Debug|Any CPU
		{1DA5D0D2-A57D-5A34-B94B-10C4709288CC}.Release|Any CPU.ActiveCfg = Release|Any CPU
		{1DA5D0D2-A57D-5A34-B94B-10C4709288CC}.Release|Any CPU.Build.0 = Release|Any CPU
		{8E2F8DFC-C333-B509-3DE1-2CFD9C5E54E9}.Debug|Any CPU.ActiveCfg = Debug|Any CPU
		{8E2F8DFC-C333-B509-3DE1-2CFD9C5E54E9}.Debug|Any CPU.Build.0 = Debug|Any CPU
		{8E2F8DFC-C333-B509-3DE1-2CFD9C5E54E9}.Release|Any CPU.ActiveCfg = Release|Any CPU
		{8E2F8DFC-C333-B509-3DE1-2CFD9C5E54E9}.Release|Any CPU.Build.0 = Release|Any CPU
		{3FDB1BC7-6D3A-0FE4-990D-CC02D3D9739E}.Debug|Any CPU.ActiveCfg = Debug|Any CPU
		{3FDB1BC7-6D3A-0FE4-990D-CC02D3D9739E}.Debug|Any CPU.Build.0 = Debug|Any CPU
		{3FDB1BC7-6D3A-0FE4-990D-CC02D3D9739E}.Release|Any CPU.ActiveCfg = Release|Any CPU
		{3FDB1BC7-6D3A-0FE4-990D-CC02D3D9739E}.Release|Any CPU.Build.0 = Release|Any CPU
		{AEAD0707-B90A-F05A-F3F1-0AE081A83676}.Debug|Any CPU.ActiveCfg = Debug|Any CPU
		{AEAD0707-B90A-F05A-F3F1-0AE081A83676}.Debug|Any CPU.Build.0 = Debug|Any CPU
		{AEAD0707-B90A-F05A-F3F1-0AE081A83676}.Release|Any CPU.ActiveCfg = Release|Any CPU
		{AEAD0707-B90A-F05A-F3F1-0AE081A83676}.Release|Any CPU.Build.0 = Release|Any CPU
		{735F5522-B154-5383-BC52-202729F728B3}.Debug|Any CPU.ActiveCfg = Debug|Any CPU
		{735F5522-B154-5383-BC52-202729F728B3}.Debug|Any CPU.Build.0 = Debug|Any CPU
		{735F5522-B154-5383-BC52-202729F728B3}.Release|Any CPU.ActiveCfg = Release|Any CPU
		{735F5522-B154-5383-BC52-202729F728B3}.Release|Any CPU.Build.0 = Release|Any CPU
		{1A475D7A-FEE6-4544-1772-0992C50A7EEE}.Debug|Any CPU.ActiveCfg = Debug|Any CPU
		{1A475D7A-FEE6-4544-1772-0992C50A7EEE}.Debug|Any CPU.Build.0 = Debug|Any CPU
		{1A475D7A-FEE6-4544-1772-0992C50A7EEE}.Release|Any CPU.ActiveCfg = Release|Any CPU
		{1A475D7A-FEE6-4544-1772-0992C50A7EEE}.Release|Any CPU.Build.0 = Release|Any CPU
		{FA0A13C7-9ADE-8098-E63A-10AC39EA8900}.Debug|Any CPU.ActiveCfg = Debug|Any CPU
		{FA0A13C7-9ADE-8098-E63A-10AC39EA8900}.Debug|Any CPU.Build.0 = Debug|Any CPU
		{FA0A13C7-9ADE-8098-E63A-10AC39EA8900}.Release|Any CPU.ActiveCfg = Release|Any CPU
		{FA0A13C7-9ADE-8098-E63A-10AC39EA8900}.Release|Any CPU.Build.0 = Release|Any CPU
		{F533780F-F5B8-F15E-2F20-0350728B47FB}.Debug|Any CPU.ActiveCfg = Debug|Any CPU
		{F533780F-F5B8-F15E-2F20-0350728B47FB}.Debug|Any CPU.Build.0 = Debug|Any CPU
		{F533780F-F5B8-F15E-2F20-0350728B47FB}.Release|Any CPU.ActiveCfg = Release|Any CPU
		{F533780F-F5B8-F15E-2F20-0350728B47FB}.Release|Any CPU.Build.0 = Release|Any CPU
		{58B0EBE2-2293-92B2-AE7B-1F3B9B3AE3B5}.Debug|Any CPU.ActiveCfg = Debug|Any CPU
		{58B0EBE2-2293-92B2-AE7B-1F3B9B3AE3B5}.Debug|Any CPU.Build.0 = Debug|Any CPU
		{58B0EBE2-2293-92B2-AE7B-1F3B9B3AE3B5}.Release|Any CPU.ActiveCfg = Release|Any CPU
		{58B0EBE2-2293-92B2-AE7B-1F3B9B3AE3B5}.Release|Any CPU.Build.0 = Release|Any CPU
		{004F659D-BD9F-D70D-32B2-EA8A5F8E35C8}.Debug|Any CPU.ActiveCfg = Debug|Any CPU
		{004F659D-BD9F-D70D-32B2-EA8A5F8E35C8}.Debug|Any CPU.Build.0 = Debug|Any CPU
		{004F659D-BD9F-D70D-32B2-EA8A5F8E35C8}.Release|Any CPU.ActiveCfg = Release|Any CPU
		{004F659D-BD9F-D70D-32B2-EA8A5F8E35C8}.Release|Any CPU.Build.0 = Release|Any CPU
		{2E392914-EB8D-FB28-50CE-B7376673322C}.Debug|Any CPU.ActiveCfg = Debug|Any CPU
		{2E392914-EB8D-FB28-50CE-B7376673322C}.Debug|Any CPU.Build.0 = Debug|Any CPU
		{2E392914-EB8D-FB28-50CE-B7376673322C}.Release|Any CPU.ActiveCfg = Release|Any CPU
		{2E392914-EB8D-FB28-50CE-B7376673322C}.Release|Any CPU.Build.0 = Release|Any CPU
		{FFFA0953-E5FF-2E6B-206A-ADF514F6EC07}.Debug|Any CPU.ActiveCfg = Debug|Any CPU
		{FFFA0953-E5FF-2E6B-206A-ADF514F6EC07}.Debug|Any CPU.Build.0 = Debug|Any CPU
		{FFFA0953-E5FF-2E6B-206A-ADF514F6EC07}.Release|Any CPU.ActiveCfg = Release|Any CPU
		{FFFA0953-E5FF-2E6B-206A-ADF514F6EC07}.Release|Any CPU.Build.0 = Release|Any CPU
		{84478499-C62A-20DF-CDBC-6ECA3BD25813}.Debug|Any CPU.ActiveCfg = Debug|Any CPU
		{84478499-C62A-20DF-CDBC-6ECA3BD25813}.Debug|Any CPU.Build.0 = Debug|Any CPU
		{84478499-C62A-20DF-CDBC-6ECA3BD25813}.Release|Any CPU.ActiveCfg = Release|Any CPU
		{84478499-C62A-20DF-CDBC-6ECA3BD25813}.Release|Any CPU.Build.0 = Release|Any CPU
		{499EABCC-0986-D259-CBD2-EAFDEB1F994B}.Debug|Any CPU.ActiveCfg = Debug|Any CPU
		{499EABCC-0986-D259-CBD2-EAFDEB1F994B}.Debug|Any CPU.Build.0 = Debug|Any CPU
		{499EABCC-0986-D259-CBD2-EAFDEB1F994B}.Release|Any CPU.ActiveCfg = Release|Any CPU
		{499EABCC-0986-D259-CBD2-EAFDEB1F994B}.Release|Any CPU.Build.0 = Release|Any CPU
		{6DFA45FF-916D-6D1A-93F7-7287D881F2D1}.Debug|Any CPU.ActiveCfg = Debug|Any CPU
		{6DFA45FF-916D-6D1A-93F7-7287D881F2D1}.Debug|Any CPU.Build.0 = Debug|Any CPU
		{6DFA45FF-916D-6D1A-93F7-7287D881F2D1}.Release|Any CPU.ActiveCfg = Release|Any CPU
		{6DFA45FF-916D-6D1A-93F7-7287D881F2D1}.Release|Any CPU.Build.0 = Release|Any CPU
		{2CCA5DDD-89DB-5B39-7029-334BA4855CED}.Debug|Any CPU.ActiveCfg = Debug|Any CPU
		{2CCA5DDD-89DB-5B39-7029-334BA4855CED}.Debug|Any CPU.Build.0 = Debug|Any CPU
		{2CCA5DDD-89DB-5B39-7029-334BA4855CED}.Release|Any CPU.ActiveCfg = Release|Any CPU
		{2CCA5DDD-89DB-5B39-7029-334BA4855CED}.Release|Any CPU.Build.0 = Release|Any CPU
		{DB2D35F4-78C8-5632-ADEE-49DDB74A3259}.Debug|Any CPU.ActiveCfg = Debug|Any CPU
		{DB2D35F4-78C8-5632-ADEE-49DDB74A3259}.Debug|Any CPU.Build.0 = Debug|Any CPU
		{DB2D35F4-78C8-5632-ADEE-49DDB74A3259}.Release|Any CPU.ActiveCfg = Release|Any CPU
		{DB2D35F4-78C8-5632-ADEE-49DDB74A3259}.Release|Any CPU.Build.0 = Release|Any CPU
		{E9746084-B560-87B4-03EC-4778BDB0AD73}.Debug|Any CPU.ActiveCfg = Debug|Any CPU
		{E9746084-B560-87B4-03EC-4778BDB0AD73}.Debug|Any CPU.Build.0 = Debug|Any CPU
		{E9746084-B560-87B4-03EC-4778BDB0AD73}.Release|Any CPU.ActiveCfg = Release|Any CPU
		{E9746084-B560-87B4-03EC-4778BDB0AD73}.Release|Any CPU.Build.0 = Release|Any CPU
		{F4823423-A517-45CF-7BFF-37AC191A2AE0}.Debug|Any CPU.ActiveCfg = Debug|Any CPU
		{F4823423-A517-45CF-7BFF-37AC191A2AE0}.Debug|Any CPU.Build.0 = Debug|Any CPU
		{F4823423-A517-45CF-7BFF-37AC191A2AE0}.Release|Any CPU.ActiveCfg = Release|Any CPU
		{F4823423-A517-45CF-7BFF-37AC191A2AE0}.Release|Any CPU.Build.0 = Release|Any CPU
		{CCBDFD44-BA21-D9D4-0490-94FDCFA34760}.Debug|Any CPU.ActiveCfg = Debug|Any CPU
		{CCBDFD44-BA21-D9D4-0490-94FDCFA34760}.Debug|Any CPU.Build.0 = Debug|Any CPU
		{CCBDFD44-BA21-D9D4-0490-94FDCFA34760}.Release|Any CPU.ActiveCfg = Release|Any CPU
		{CCBDFD44-BA21-D9D4-0490-94FDCFA34760}.Release|Any CPU.Build.0 = Release|Any CPU
		{07330DC5-DA6D-9C72-4A0D-16BBB11DA0BE}.Debug|Any CPU.ActiveCfg = Debug|Any CPU
		{07330DC5-DA6D-9C72-4A0D-16BBB11DA0BE}.Debug|Any CPU.Build.0 = Debug|Any CPU
		{07330DC5-DA6D-9C72-4A0D-16BBB11DA0BE}.Release|Any CPU.ActiveCfg = Release|Any CPU
		{07330DC5-DA6D-9C72-4A0D-16BBB11DA0BE}.Release|Any CPU.Build.0 = Release|Any CPU
		{770AD72E-0B21-56A1-DBD1-E097238A0AAD}.Debug|Any CPU.ActiveCfg = Debug|Any CPU
		{770AD72E-0B21-56A1-DBD1-E097238A0AAD}.Debug|Any CPU.Build.0 = Debug|Any CPU
		{770AD72E-0B21-56A1-DBD1-E097238A0AAD}.Release|Any CPU.ActiveCfg = Release|Any CPU
		{770AD72E-0B21-56A1-DBD1-E097238A0AAD}.Release|Any CPU.Build.0 = Release|Any CPU
		{2BB39FD4-A0DB-FC65-E897-831704DAA541}.Debug|Any CPU.ActiveCfg = Debug|Any CPU
		{2BB39FD4-A0DB-FC65-E897-831704DAA541}.Debug|Any CPU.Build.0 = Debug|Any CPU
		{2BB39FD4-A0DB-FC65-E897-831704DAA541}.Release|Any CPU.ActiveCfg = Release|Any CPU
		{2BB39FD4-A0DB-FC65-E897-831704DAA541}.Release|Any CPU.Build.0 = Release|Any CPU
		{43688778-F7D9-D827-9713-79C0F34A2927}.Debug|Any CPU.ActiveCfg = Debug|Any CPU
		{43688778-F7D9-D827-9713-79C0F34A2927}.Debug|Any CPU.Build.0 = Debug|Any CPU
		{43688778-F7D9-D827-9713-79C0F34A2927}.Release|Any CPU.ActiveCfg = Release|Any CPU
		{43688778-F7D9-D827-9713-79C0F34A2927}.Release|Any CPU.Build.0 = Release|Any CPU
		{A841D716-CB1F-D488-F7F3-5BAF4DC168DB}.Debug|Any CPU.ActiveCfg = Debug|Any CPU
		{A841D716-CB1F-D488-F7F3-5BAF4DC168DB}.Debug|Any CPU.Build.0 = Debug|Any CPU
		{A841D716-CB1F-D488-F7F3-5BAF4DC168DB}.Release|Any CPU.ActiveCfg = Release|Any CPU
		{A841D716-CB1F-D488-F7F3-5BAF4DC168DB}.Release|Any CPU.Build.0 = Release|Any CPU
		{67588E38-639A-BCB6-FC10-CF47843243C8}.Debug|Any CPU.ActiveCfg = Debug|Any CPU
		{67588E38-639A-BCB6-FC10-CF47843243C8}.Debug|Any CPU.Build.0 = Debug|Any CPU
		{67588E38-639A-BCB6-FC10-CF47843243C8}.Release|Any CPU.ActiveCfg = Release|Any CPU
		{67588E38-639A-BCB6-FC10-CF47843243C8}.Release|Any CPU.Build.0 = Release|Any CPU
		{F62EB852-27AD-3BB7-A23C-F467FF1E2AF4}.Debug|Any CPU.ActiveCfg = Debug|Any CPU
		{F62EB852-27AD-3BB7-A23C-F467FF1E2AF4}.Debug|Any CPU.Build.0 = Debug|Any CPU
		{F62EB852-27AD-3BB7-A23C-F467FF1E2AF4}.Release|Any CPU.ActiveCfg = Release|Any CPU
		{F62EB852-27AD-3BB7-A23C-F467FF1E2AF4}.Release|Any CPU.Build.0 = Release|Any CPU
		{2509FA89-8DCA-BFDB-BA59-57B7177C0CFC}.Debug|Any CPU.ActiveCfg = Debug|Any CPU
		{2509FA89-8DCA-BFDB-BA59-57B7177C0CFC}.Debug|Any CPU.Build.0 = Debug|Any CPU
		{2509FA89-8DCA-BFDB-BA59-57B7177C0CFC}.Release|Any CPU.ActiveCfg = Release|Any CPU
		{2509FA89-8DCA-BFDB-BA59-57B7177C0CFC}.Release|Any CPU.Build.0 = Release|Any CPU
		{FFA93FF1-6A0D-2439-CA39-6FAEF85EE0C5}.Debug|Any CPU.ActiveCfg = Debug|Any CPU
		{FFA93FF1-6A0D-2439-CA39-6FAEF85EE0C5}.Debug|Any CPU.Build.0 = Debug|Any CPU
		{FFA93FF1-6A0D-2439-CA39-6FAEF85EE0C5}.Release|Any CPU.ActiveCfg = Release|Any CPU
		{FFA93FF1-6A0D-2439-CA39-6FAEF85EE0C5}.Release|Any CPU.Build.0 = Release|Any CPU
		{A129BFEC-3FB0-8D5D-8A3C-CAC1EA1624EE}.Debug|Any CPU.ActiveCfg = Debug|Any CPU
		{A129BFEC-3FB0-8D5D-8A3C-CAC1EA1624EE}.Debug|Any CPU.Build.0 = Debug|Any CPU
		{A129BFEC-3FB0-8D5D-8A3C-CAC1EA1624EE}.Release|Any CPU.ActiveCfg = Release|Any CPU
		{A129BFEC-3FB0-8D5D-8A3C-CAC1EA1624EE}.Release|Any CPU.Build.0 = Release|Any CPU
		{42C7C2BE-E971-4DBB-8FF0-FDDBE0B350B1}.Debug|Any CPU.ActiveCfg = Debug|Any CPU
		{42C7C2BE-E971-4DBB-8FF0-FDDBE0B350B1}.Debug|Any CPU.Build.0 = Debug|Any CPU
		{42C7C2BE-E971-4DBB-8FF0-FDDBE0B350B1}.Release|Any CPU.ActiveCfg = Release|Any CPU
		{42C7C2BE-E971-4DBB-8FF0-FDDBE0B350B1}.Release|Any CPU.Build.0 = Release|Any CPU
		{F9D0C99B-882D-67CD-4849-E8CBF5091ADD}.Debug|Any CPU.ActiveCfg = Debug|Any CPU
		{F9D0C99B-882D-67CD-4849-E8CBF5091ADD}.Debug|Any CPU.Build.0 = Debug|Any CPU
		{F9D0C99B-882D-67CD-4849-E8CBF5091ADD}.Release|Any CPU.ActiveCfg = Release|Any CPU
		{F9D0C99B-882D-67CD-4849-E8CBF5091ADD}.Release|Any CPU.Build.0 = Release|Any CPU
		{EB4905CD-A570-42EF-127E-AEAAB891A885}.Debug|Any CPU.ActiveCfg = Debug|Any CPU
		{EB4905CD-A570-42EF-127E-AEAAB891A885}.Debug|Any CPU.Build.0 = Debug|Any CPU
		{EB4905CD-A570-42EF-127E-AEAAB891A885}.Release|Any CPU.ActiveCfg = Release|Any CPU
		{EB4905CD-A570-42EF-127E-AEAAB891A885}.Release|Any CPU.Build.0 = Release|Any CPU
		{C0390BA1-9A6A-5981-75C9-15E0C4E1F621}.Debug|Any CPU.ActiveCfg = Debug|Any CPU
		{C0390BA1-9A6A-5981-75C9-15E0C4E1F621}.Debug|Any CPU.Build.0 = Debug|Any CPU
		{C0390BA1-9A6A-5981-75C9-15E0C4E1F621}.Release|Any CPU.ActiveCfg = Release|Any CPU
		{C0390BA1-9A6A-5981-75C9-15E0C4E1F621}.Release|Any CPU.Build.0 = Release|Any CPU
		{75D011E1-202D-7957-C6A1-56E99F16355E}.Debug|Any CPU.ActiveCfg = Debug|Any CPU
		{75D011E1-202D-7957-C6A1-56E99F16355E}.Debug|Any CPU.Build.0 = Debug|Any CPU
		{75D011E1-202D-7957-C6A1-56E99F16355E}.Release|Any CPU.ActiveCfg = Release|Any CPU
		{75D011E1-202D-7957-C6A1-56E99F16355E}.Release|Any CPU.Build.0 = Release|Any CPU
		{402E93D7-7E80-D252-C1A3-BD5E320DB1BC}.Debug|Any CPU.ActiveCfg = Debug|Any CPU
		{402E93D7-7E80-D252-C1A3-BD5E320DB1BC}.Debug|Any CPU.Build.0 = Debug|Any CPU
		{402E93D7-7E80-D252-C1A3-BD5E320DB1BC}.Release|Any CPU.ActiveCfg = Release|Any CPU
		{402E93D7-7E80-D252-C1A3-BD5E320DB1BC}.Release|Any CPU.Build.0 = Release|Any CPU
		{0CC0002C-BE39-67C7-82EA-D1F469A2CADC}.Debug|Any CPU.ActiveCfg = Debug|Any CPU
		{0CC0002C-BE39-67C7-82EA-D1F469A2CADC}.Debug|Any CPU.Build.0 = Debug|Any CPU
		{0CC0002C-BE39-67C7-82EA-D1F469A2CADC}.Release|Any CPU.ActiveCfg = Release|Any CPU
		{0CC0002C-BE39-67C7-82EA-D1F469A2CADC}.Release|Any CPU.Build.0 = Release|Any CPU
		{5892CC20-C165-C765-6FE4-E0A4120B6CB5}.Debug|Any CPU.ActiveCfg = Debug|Any CPU
		{5892CC20-C165-C765-6FE4-E0A4120B6CB5}.Debug|Any CPU.Build.0 = Debug|Any CPU
		{5892CC20-C165-C765-6FE4-E0A4120B6CB5}.Release|Any CPU.ActiveCfg = Release|Any CPU
		{5892CC20-C165-C765-6FE4-E0A4120B6CB5}.Release|Any CPU.Build.0 = Release|Any CPU
		{9A74D670-BAF4-4E49-4A2F-35121EF90B89}.Debug|Any CPU.ActiveCfg = Debug|Any CPU
		{9A74D670-BAF4-4E49-4A2F-35121EF90B89}.Debug|Any CPU.Build.0 = Debug|Any CPU
		{9A74D670-BAF4-4E49-4A2F-35121EF90B89}.Release|Any CPU.ActiveCfg = Release|Any CPU
		{9A74D670-BAF4-4E49-4A2F-35121EF90B89}.Release|Any CPU.Build.0 = Release|Any CPU
		{CD6745E6-F09B-574A-C551-F23CAEF0170E}.Debug|Any CPU.ActiveCfg = Debug|Any CPU
		{CD6745E6-F09B-574A-C551-F23CAEF0170E}.Debug|Any CPU.Build.0 = Debug|Any CPU
		{CD6745E6-F09B-574A-C551-F23CAEF0170E}.Release|Any CPU.ActiveCfg = Release|Any CPU
		{CD6745E6-F09B-574A-C551-F23CAEF0170E}.Release|Any CPU.Build.0 = Release|Any CPU
		{80259E19-9CD7-1DB3-9908-D751E2D15598}.Debug|Any CPU.ActiveCfg = Debug|Any CPU
		{80259E19-9CD7-1DB3-9908-D751E2D15598}.Debug|Any CPU.Build.0 = Debug|Any CPU
		{80259E19-9CD7-1DB3-9908-D751E2D15598}.Release|Any CPU.ActiveCfg = Release|Any CPU
		{80259E19-9CD7-1DB3-9908-D751E2D15598}.Release|Any CPU.Build.0 = Release|Any CPU
		{6782ED04-B75D-78C7-D72E-19A3D66AA504}.Debug|Any CPU.ActiveCfg = Debug|Any CPU
		{6782ED04-B75D-78C7-D72E-19A3D66AA504}.Debug|Any CPU.Build.0 = Debug|Any CPU
		{6782ED04-B75D-78C7-D72E-19A3D66AA504}.Release|Any CPU.ActiveCfg = Release|Any CPU
		{6782ED04-B75D-78C7-D72E-19A3D66AA504}.Release|Any CPU.Build.0 = Release|Any CPU
		{0A716A96-D2C7-11C0-B125-0B4250240A4F}.Debug|Any CPU.ActiveCfg = Debug|Any CPU
		{0A716A96-D2C7-11C0-B125-0B4250240A4F}.Debug|Any CPU.Build.0 = Debug|Any CPU
		{0A716A96-D2C7-11C0-B125-0B4250240A4F}.Release|Any CPU.ActiveCfg = Release|Any CPU
		{0A716A96-D2C7-11C0-B125-0B4250240A4F}.Release|Any CPU.Build.0 = Release|Any CPU
		{CDA737B5-A433-489C-0170-84ACA5CFD6E7}.Debug|Any CPU.ActiveCfg = Debug|Any CPU
		{CDA737B5-A433-489C-0170-84ACA5CFD6E7}.Debug|Any CPU.Build.0 = Debug|Any CPU
		{CDA737B5-A433-489C-0170-84ACA5CFD6E7}.Release|Any CPU.ActiveCfg = Release|Any CPU
		{CDA737B5-A433-489C-0170-84ACA5CFD6E7}.Release|Any CPU.Build.0 = Release|Any CPU
		{A3975E51-8288-232B-34CD-EA6B2F12AAF4}.Debug|Any CPU.ActiveCfg = Debug|Any CPU
		{A3975E51-8288-232B-34CD-EA6B2F12AAF4}.Debug|Any CPU.Build.0 = Debug|Any CPU
		{A3975E51-8288-232B-34CD-EA6B2F12AAF4}.Release|Any CPU.ActiveCfg = Release|Any CPU
		{A3975E51-8288-232B-34CD-EA6B2F12AAF4}.Release|Any CPU.Build.0 = Release|Any CPU
		{274B5F9D-A55E-436D-B91A-2AE59871051B}.Debug|Any CPU.ActiveCfg = Debug|Any CPU
		{274B5F9D-A55E-436D-B91A-2AE59871051B}.Debug|Any CPU.Build.0 = Debug|Any CPU
		{274B5F9D-A55E-436D-B91A-2AE59871051B}.Release|Any CPU.ActiveCfg = Release|Any CPU
		{274B5F9D-A55E-436D-B91A-2AE59871051B}.Release|Any CPU.Build.0 = Release|Any CPU
		{760F1752-B8D5-D721-68A5-53618B997697}.Debug|Any CPU.ActiveCfg = Debug|Any CPU
		{760F1752-B8D5-D721-68A5-53618B997697}.Debug|Any CPU.Build.0 = Debug|Any CPU
		{760F1752-B8D5-D721-68A5-53618B997697}.Release|Any CPU.ActiveCfg = Release|Any CPU
		{760F1752-B8D5-D721-68A5-53618B997697}.Release|Any CPU.Build.0 = Release|Any CPU
		{00CB58E5-72BE-1AC2-FDC8-3FC2EF1DFBF3}.Debug|Any CPU.ActiveCfg = Debug|Any CPU
		{00CB58E5-72BE-1AC2-FDC8-3FC2EF1DFBF3}.Debug|Any CPU.Build.0 = Debug|Any CPU
		{00CB58E5-72BE-1AC2-FDC8-3FC2EF1DFBF3}.Release|Any CPU.ActiveCfg = Release|Any CPU
		{00CB58E5-72BE-1AC2-FDC8-3FC2EF1DFBF3}.Release|Any CPU.Build.0 = Release|Any CPU
		{4A78F8EF-A923-96E3-ED23-A1D85DA58662}.Debug|Any CPU.ActiveCfg = Debug|Any CPU
		{4A78F8EF-A923-96E3-ED23-A1D85DA58662}.Debug|Any CPU.Build.0 = Debug|Any CPU
		{4A78F8EF-A923-96E3-ED23-A1D85DA58662}.Release|Any CPU.ActiveCfg = Release|Any CPU
		{4A78F8EF-A923-96E3-ED23-A1D85DA58662}.Release|Any CPU.Build.0 = Release|Any CPU
		{C3E65683-7948-A938-18B9-5D819D08475F}.Debug|Any CPU.ActiveCfg = Debug|Any CPU
		{C3E65683-7948-A938-18B9-5D819D08475F}.Debug|Any CPU.Build.0 = Debug|Any CPU
		{C3E65683-7948-A938-18B9-5D819D08475F}.Release|Any CPU.ActiveCfg = Release|Any CPU
		{C3E65683-7948-A938-18B9-5D819D08475F}.Release|Any CPU.Build.0 = Release|Any CPU
		{53A110A2-410C-F7CE-B70F-1E41B050B68B}.Debug|Any CPU.ActiveCfg = Debug|Any CPU
		{53A110A2-410C-F7CE-B70F-1E41B050B68B}.Debug|Any CPU.Build.0 = Debug|Any CPU
		{53A110A2-410C-F7CE-B70F-1E41B050B68B}.Release|Any CPU.ActiveCfg = Release|Any CPU
		{53A110A2-410C-F7CE-B70F-1E41B050B68B}.Release|Any CPU.Build.0 = Release|Any CPU
		{06C363DD-72EF-0D9C-E294-339F0734348C}.Debug|Any CPU.ActiveCfg = Debug|Any CPU
		{06C363DD-72EF-0D9C-E294-339F0734348C}.Debug|Any CPU.Build.0 = Debug|Any CPU
		{06C363DD-72EF-0D9C-E294-339F0734348C}.Release|Any CPU.ActiveCfg = Release|Any CPU
		{06C363DD-72EF-0D9C-E294-339F0734348C}.Release|Any CPU.Build.0 = Release|Any CPU
		{8008E988-ABB9-66C9-B439-73385C84368D}.Debug|Any CPU.ActiveCfg = Debug|Any CPU
		{8008E988-ABB9-66C9-B439-73385C84368D}.Debug|Any CPU.Build.0 = Debug|Any CPU
		{8008E988-ABB9-66C9-B439-73385C84368D}.Release|Any CPU.ActiveCfg = Release|Any CPU
		{8008E988-ABB9-66C9-B439-73385C84368D}.Release|Any CPU.Build.0 = Release|Any CPU
		{7E9126F3-5DC1-692E-95ED-511384DBE3B4}.Debug|Any CPU.ActiveCfg = Debug|Any CPU
		{7E9126F3-5DC1-692E-95ED-511384DBE3B4}.Debug|Any CPU.Build.0 = Debug|Any CPU
		{7E9126F3-5DC1-692E-95ED-511384DBE3B4}.Release|Any CPU.ActiveCfg = Release|Any CPU
		{7E9126F3-5DC1-692E-95ED-511384DBE3B4}.Release|Any CPU.Build.0 = Release|Any CPU
		{B3F3C024-B8DC-CCD5-9160-44528B91CC97}.Debug|Any CPU.ActiveCfg = Debug|Any CPU
		{B3F3C024-B8DC-CCD5-9160-44528B91CC97}.Debug|Any CPU.Build.0 = Debug|Any CPU
		{B3F3C024-B8DC-CCD5-9160-44528B91CC97}.Release|Any CPU.ActiveCfg = Release|Any CPU
		{B3F3C024-B8DC-CCD5-9160-44528B91CC97}.Release|Any CPU.Build.0 = Release|Any CPU
		{B2090DA7-0B91-9825-DDED-A21F15AC7203}.Debug|Any CPU.ActiveCfg = Debug|Any CPU
		{B2090DA7-0B91-9825-DDED-A21F15AC7203}.Debug|Any CPU.Build.0 = Debug|Any CPU
		{B2090DA7-0B91-9825-DDED-A21F15AC7203}.Release|Any CPU.ActiveCfg = Release|Any CPU
		{B2090DA7-0B91-9825-DDED-A21F15AC7203}.Release|Any CPU.Build.0 = Release|Any CPU
		{FCD2822C-5027-0758-44C6-BECDF3057E86}.Debug|Any CPU.ActiveCfg = Debug|Any CPU
		{FCD2822C-5027-0758-44C6-BECDF3057E86}.Debug|Any CPU.Build.0 = Debug|Any CPU
		{FCD2822C-5027-0758-44C6-BECDF3057E86}.Release|Any CPU.ActiveCfg = Release|Any CPU
		{FCD2822C-5027-0758-44C6-BECDF3057E86}.Release|Any CPU.Build.0 = Release|Any CPU
		{5C8AED61-8D4B-616F-6378-C394A399DFE3}.Debug|Any CPU.ActiveCfg = Debug|Any CPU
		{5C8AED61-8D4B-616F-6378-C394A399DFE3}.Debug|Any CPU.Build.0 = Debug|Any CPU
		{5C8AED61-8D4B-616F-6378-C394A399DFE3}.Release|Any CPU.ActiveCfg = Release|Any CPU
		{5C8AED61-8D4B-616F-6378-C394A399DFE3}.Release|Any CPU.Build.0 = Release|Any CPU
		{57393AC0-B93F-D6A4-0D60-1104C40CF2DA}.Debug|Any CPU.ActiveCfg = Debug|Any CPU
		{57393AC0-B93F-D6A4-0D60-1104C40CF2DA}.Debug|Any CPU.Build.0 = Debug|Any CPU
		{57393AC0-B93F-D6A4-0D60-1104C40CF2DA}.Release|Any CPU.ActiveCfg = Release|Any CPU
		{57393AC0-B93F-D6A4-0D60-1104C40CF2DA}.Release|Any CPU.Build.0 = Release|Any CPU
		{9C355DD0-98FB-ADDC-10CB-6989E6064345}.Debug|Any CPU.ActiveCfg = Debug|Any CPU
		{9C355DD0-98FB-ADDC-10CB-6989E6064345}.Debug|Any CPU.Build.0 = Debug|Any CPU
		{9C355DD0-98FB-ADDC-10CB-6989E6064345}.Release|Any CPU.ActiveCfg = Release|Any CPU
		{9C355DD0-98FB-ADDC-10CB-6989E6064345}.Release|Any CPU.Build.0 = Release|Any CPU
		{F297F035-252D-E575-CC37-0E8BD226354D}.Debug|Any CPU.ActiveCfg = Debug|Any CPU
		{F297F035-252D-E575-CC37-0E8BD226354D}.Debug|Any CPU.Build.0 = Debug|Any CPU
		{F297F035-252D-E575-CC37-0E8BD226354D}.Release|Any CPU.ActiveCfg = Release|Any CPU
		{F297F035-252D-E575-CC37-0E8BD226354D}.Release|Any CPU.Build.0 = Release|Any CPU
		{D4BF78CA-717F-4685-3C65-A98D25B41594}.Debug|Any CPU.ActiveCfg = Debug|Any CPU
		{D4BF78CA-717F-4685-3C65-A98D25B41594}.Debug|Any CPU.Build.0 = Debug|Any CPU
		{D4BF78CA-717F-4685-3C65-A98D25B41594}.Release|Any CPU.ActiveCfg = Release|Any CPU
		{D4BF78CA-717F-4685-3C65-A98D25B41594}.Release|Any CPU.Build.0 = Release|Any CPU
		{6054BA5D-1441-BD90-CE31-DDF4DF07FED6}.Debug|Any CPU.ActiveCfg = Debug|Any CPU
		{6054BA5D-1441-BD90-CE31-DDF4DF07FED6}.Debug|Any CPU.Build.0 = Debug|Any CPU
		{6054BA5D-1441-BD90-CE31-DDF4DF07FED6}.Release|Any CPU.ActiveCfg = Release|Any CPU
		{6054BA5D-1441-BD90-CE31-DDF4DF07FED6}.Release|Any CPU.Build.0 = Release|Any CPU
		{02E22745-77A3-7C0F-6A97-47D3021C3892}.Debug|Any CPU.ActiveCfg = Debug|Any CPU
		{02E22745-77A3-7C0F-6A97-47D3021C3892}.Debug|Any CPU.Build.0 = Debug|Any CPU
		{02E22745-77A3-7C0F-6A97-47D3021C3892}.Release|Any CPU.ActiveCfg = Release|Any CPU
		{02E22745-77A3-7C0F-6A97-47D3021C3892}.Release|Any CPU.Build.0 = Release|Any CPU
		{EE87DFF8-5365-D8A7-B414-63E7626F0A69}.Debug|Any CPU.ActiveCfg = Debug|Any CPU
		{EE87DFF8-5365-D8A7-B414-63E7626F0A69}.Debug|Any CPU.Build.0 = Debug|Any CPU
		{EE87DFF8-5365-D8A7-B414-63E7626F0A69}.Release|Any CPU.ActiveCfg = Release|Any CPU
		{EE87DFF8-5365-D8A7-B414-63E7626F0A69}.Release|Any CPU.Build.0 = Release|Any CPU
		{9BC2BB06-2185-8128-28C5-24DDDF5427C8}.Debug|Any CPU.ActiveCfg = Debug|Any CPU
		{9BC2BB06-2185-8128-28C5-24DDDF5427C8}.Debug|Any CPU.Build.0 = Debug|Any CPU
		{9BC2BB06-2185-8128-28C5-24DDDF5427C8}.Release|Any CPU.ActiveCfg = Release|Any CPU
		{9BC2BB06-2185-8128-28C5-24DDDF5427C8}.Release|Any CPU.Build.0 = Release|Any CPU
		{B94CBC40-6471-9151-0724-0ACCF61CA68D}.Debug|Any CPU.ActiveCfg = Debug|Any CPU
		{B94CBC40-6471-9151-0724-0ACCF61CA68D}.Debug|Any CPU.Build.0 = Debug|Any CPU
		{B94CBC40-6471-9151-0724-0ACCF61CA68D}.Release|Any CPU.ActiveCfg = Release|Any CPU
		{B94CBC40-6471-9151-0724-0ACCF61CA68D}.Release|Any CPU.Build.0 = Release|Any CPU
		{C7BA136B-85A1-26D3-F902-CFFB187BDF3F}.Debug|Any CPU.ActiveCfg = Debug|Any CPU
		{C7BA136B-85A1-26D3-F902-CFFB187BDF3F}.Debug|Any CPU.Build.0 = Debug|Any CPU
		{C7BA136B-85A1-26D3-F902-CFFB187BDF3F}.Release|Any CPU.ActiveCfg = Release|Any CPU
		{C7BA136B-85A1-26D3-F902-CFFB187BDF3F}.Release|Any CPU.Build.0 = Release|Any CPU
		{B4126F53-BD1E-3F73-5EB6-0D32D916043F}.Debug|Any CPU.ActiveCfg = Debug|Any CPU
		{B4126F53-BD1E-3F73-5EB6-0D32D916043F}.Debug|Any CPU.Build.0 = Debug|Any CPU
		{B4126F53-BD1E-3F73-5EB6-0D32D916043F}.Release|Any CPU.ActiveCfg = Release|Any CPU
		{B4126F53-BD1E-3F73-5EB6-0D32D916043F}.Release|Any CPU.Build.0 = Release|Any CPU
		{713A1AA4-279F-B685-1B16-39486A28EF4B}.Debug|Any CPU.ActiveCfg = Debug|Any CPU
		{713A1AA4-279F-B685-1B16-39486A28EF4B}.Debug|Any CPU.Build.0 = Debug|Any CPU
		{713A1AA4-279F-B685-1B16-39486A28EF4B}.Release|Any CPU.ActiveCfg = Release|Any CPU
		{713A1AA4-279F-B685-1B16-39486A28EF4B}.Release|Any CPU.Build.0 = Release|Any CPU
		{DA5DBB38-D329-5360-1AB1-F36554EA3AD8}.Debug|Any CPU.ActiveCfg = Debug|Any CPU
		{DA5DBB38-D329-5360-1AB1-F36554EA3AD8}.Debug|Any CPU.Build.0 = Debug|Any CPU
		{DA5DBB38-D329-5360-1AB1-F36554EA3AD8}.Release|Any CPU.ActiveCfg = Release|Any CPU
		{DA5DBB38-D329-5360-1AB1-F36554EA3AD8}.Release|Any CPU.Build.0 = Release|Any CPU
		{1150003C-A3B5-DD78-5AA4-819D7273490C}.Debug|Any CPU.ActiveCfg = Debug|Any CPU
		{1150003C-A3B5-DD78-5AA4-819D7273490C}.Debug|Any CPU.Build.0 = Debug|Any CPU
		{1150003C-A3B5-DD78-5AA4-819D7273490C}.Release|Any CPU.ActiveCfg = Release|Any CPU
		{1150003C-A3B5-DD78-5AA4-819D7273490C}.Release|Any CPU.Build.0 = Release|Any CPU
		{C3DCB86C-361C-4AEC-F4E2-5041FCCC2729}.Debug|Any CPU.ActiveCfg = Debug|Any CPU
		{C3DCB86C-361C-4AEC-F4E2-5041FCCC2729}.Debug|Any CPU.Build.0 = Debug|Any CPU
		{C3DCB86C-361C-4AEC-F4E2-5041FCCC2729}.Release|Any CPU.ActiveCfg = Release|Any CPU
		{C3DCB86C-361C-4AEC-F4E2-5041FCCC2729}.Release|Any CPU.Build.0 = Release|Any CPU
		{6659C3EA-F9FE-F14F-3B75-4E400FC7CF59}.Debug|Any CPU.ActiveCfg = Debug|Any CPU
		{6659C3EA-F9FE-F14F-3B75-4E400FC7CF59}.Debug|Any CPU.Build.0 = Debug|Any CPU
		{6659C3EA-F9FE-F14F-3B75-4E400FC7CF59}.Release|Any CPU.ActiveCfg = Release|Any CPU
		{6659C3EA-F9FE-F14F-3B75-4E400FC7CF59}.Release|Any CPU.Build.0 = Release|Any CPU
	EndGlobalSection
	GlobalSection(SolutionProperties) = preSolution
		HideSolutionNode = FALSE
	EndGlobalSection
EndGlobal
